
Microsoft Visual Studio Solution File, Format Version 12.00
# Visual Studio Version 17
VisualStudioVersion = 17.3.32922.545
MinimumVisualStudioVersion = 10.0.40219.1
Project("{FAE04EC0-301F-11D3-BF4B-00C04F79EFBC}") = "BasicerShite", "BasicerShite\BasicerShite.csproj", "{BEAC47A2-7C29-43A6-BB9A-0ACDA80FED3D}"
EndProject
Global
	GlobalSection(SolutionConfigurationPlatforms) = preSolution
		Debug|Any CPU = Debug|Any CPU
		Release|Any CPU = Release|Any CPU
	EndGlobalSection
	GlobalSection(ProjectConfigurationPlatforms) = postSolution
		{BEAC47A2-7C29-43A6-BB9A-0ACDA80FED3D}.Debug|Any CPU.ActiveCfg = Debug|Any CPU
		{BEAC47A2-7C29-43A6-BB9A-0ACDA80FED3D}.Debug|Any CPU.Build.0 = Debug|Any CPU
		{BEAC47A2-7C29-43A6-BB9A-0ACDA80FED3D}.Release|Any CPU.ActiveCfg = Release|Any CPU
		{BEAC47A2-7C29-43A6-BB9A-0ACDA80FED3D}.Release|Any CPU.Build.0 = Release|Any CPU
	EndGlobalSection
	GlobalSection(SolutionProperties) = preSolution
		HideSolutionNode = FALSE
	EndGlobalSection
	GlobalSection(ExtensibilityGlobals) = postSolution
		SolutionGuid = {6E2D5C17-AC41-48C8-8E2D-31E259F60FF8}
	EndGlobalSection
EndGlobal
